
Microsoft Visual Studio Solution File, Format Version 12.00
# Visual Studio Version 16
VisualStudioVersion = 16.0.28729.10
MinimumVisualStudioVersion = 10.0.40219.1
Project("{FAE04EC0-301F-11D3-BF4B-00C04F79EFBC}") = "LinqToSql", "LinqToSql\LinqToSql.csproj", "{E946B25D-BCC7-4DDC-8AD1-9CF8377746B0}"
EndProject
Global
	GlobalSection(SolutionConfigurationPlatforms) = preSolution
		Debug|Any CPU = Debug|Any CPU
		Release|Any CPU = Release|Any CPU
	EndGlobalSection
	GlobalSection(ProjectConfigurationPlatforms) = postSolution
		{E946B25D-BCC7-4DDC-8AD1-9CF8377746B0}.Debug|Any CPU.ActiveCfg = Debug|Any CPU
		{E946B25D-BCC7-4DDC-8AD1-9CF8377746B0}.Debug|Any CPU.Build.0 = Debug|Any CPU
		{E946B25D-BCC7-4DDC-8AD1-9CF8377746B0}.Release|Any CPU.ActiveCfg = Release|Any CPU
		{E946B25D-BCC7-4DDC-8AD1-9CF8377746B0}.Release|Any CPU.Build.0 = Release|Any CPU
	EndGlobalSection
	GlobalSection(SolutionProperties) = preSolution
		HideSolutionNode = FALSE
	EndGlobalSection
	GlobalSection(ExtensibilityGlobals) = postSolution
		SolutionGuid = {6C6F65AF-8962-4A23-B6B8-D10DAD33391A}
	EndGlobalSection
EndGlobal
