
Microsoft Visual Studio Solution File, Format Version 12.00
# Visual Studio Version 16
VisualStudioVersion = 16.0.28809.33
MinimumVisualStudioVersion = 10.0.40219.1
Project("{FAE04EC0-301F-11D3-BF4B-00C04F79EFBC}") = "Strategy", "Strategy\Strategy.csproj", "{3E35966E-670E-4416-8202-8AD6622D0EB8}"
EndProject
Global
	GlobalSection(SolutionConfigurationPlatforms) = preSolution
		Debug|Any CPU = Debug|Any CPU
		Release|Any CPU = Release|Any CPU
	EndGlobalSection
	GlobalSection(ProjectConfigurationPlatforms) = postSolution
		{3E35966E-670E-4416-8202-8AD6622D0EB8}.Debug|Any CPU.ActiveCfg = Debug|Any CPU
		{3E35966E-670E-4416-8202-8AD6622D0EB8}.Debug|Any CPU.Build.0 = Debug|Any CPU
		{3E35966E-670E-4416-8202-8AD6622D0EB8}.Release|Any CPU.ActiveCfg = Release|Any CPU
		{3E35966E-670E-4416-8202-8AD6622D0EB8}.Release|Any CPU.Build.0 = Release|Any CPU
	EndGlobalSection
	GlobalSection(SolutionProperties) = preSolution
		HideSolutionNode = FALSE
	EndGlobalSection
	GlobalSection(ExtensibilityGlobals) = postSolution
		SolutionGuid = {F91B39CB-E618-4633-854E-C5017788164A}
	EndGlobalSection
EndGlobal
